// !$*UTF8*$!
{
	archiveVersion = 1;
	classes = {
	};
	objectVersion = 56;
	objects = {

/* Begin PBXBuildFile section */
		E107292F2BDD6D400010FCA1 /* Binding.swift in Sources */ = {isa = PBXBuildFile; fileRef = E107292E2BDD6D400010FCA1 /* Binding.swift */; };
		E13656E22B7BD35E00FD14A5 /* View.swift in Sources */ = {isa = PBXBuildFile; fileRef = E13656E12B7BD35E00FD14A5 /* View.swift */; };
		E136667D2B77E94600AF2C98 /* DeviceConnectivity.swift in Sources */ = {isa = PBXBuildFile; fileRef = E136667C2B77E94600AF2C98 /* DeviceConnectivity.swift */; };
		E136667F2B77EB6600AF2C98 /* BeanstormBLE.swift in Sources */ = {isa = PBXBuildFile; fileRef = E136667E2B77EB6600AF2C98 /* BeanstormBLE.swift */; };
		E13666822B7A75E100AF2C98 /* BeanstormPeripheral.swift in Sources */ = {isa = PBXBuildFile; fileRef = E13666812B7A75E100AF2C98 /* BeanstormPeripheral.swift */; };
		E13666842B7A760C00AF2C98 /* BeanstormBLEModel.swift in Sources */ = {isa = PBXBuildFile; fileRef = E13666832B7A760C00AF2C98 /* BeanstormBLEModel.swift */; };
		E13666862B7AA95600AF2C98 /* FloatingPoint.swift in Sources */ = {isa = PBXBuildFile; fileRef = E13666852B7AA95600AF2C98 /* FloatingPoint.swift */; };
		E16D583D2BD5357C00E0CDFC /* SwiftProtobuf in Frameworks */ = {isa = PBXBuildFile; productRef = E16D583C2BD5357C00E0CDFC /* SwiftProtobuf */; };
		E16D583F2BD5357C00E0CDFC /* SwiftProtobufPluginLibrary in Frameworks */ = {isa = PBXBuildFile; productRef = E16D583E2BD5357C00E0CDFC /* SwiftProtobufPluginLibrary */; };
		E16D58412BD5357C00E0CDFC /* protoc-gen-swift in Frameworks */ = {isa = PBXBuildFile; productRef = E16D58402BD5357C00E0CDFC /* protoc-gen-swift */; };
		E16D584D2BD67BE800E0CDFC /* beanstorm_schema.pb.swift in Sources */ = {isa = PBXBuildFile; fileRef = E16D584C2BD67BE800E0CDFC /* beanstorm_schema.pb.swift */; };
		E17E3EA02B323A6D000F456C /* BeanstormApp.swift in Sources */ = {isa = PBXBuildFile; fileRef = E17E3E9F2B323A6D000F456C /* BeanstormApp.swift */; };
		E17E3EA22B323A6D000F456C /* ContentView.swift in Sources */ = {isa = PBXBuildFile; fileRef = E17E3EA12B323A6D000F456C /* ContentView.swift */; };
		E17E3EA42B323A6D000F456C /* Assets.xcassets in Resources */ = {isa = PBXBuildFile; fileRef = E17E3EA32B323A6D000F456C /* Assets.xcassets */; };
		E17E3EA72B323A6D000F456C /* Preview Assets.xcassets in Resources */ = {isa = PBXBuildFile; fileRef = E17E3EA62B323A6D000F456C /* Preview Assets.xcassets */; };
		E17E3EB02B335E18000F456C /* BoundedGuage.swift in Sources */ = {isa = PBXBuildFile; fileRef = E17E3EAF2B335E18000F456C /* BoundedGuage.swift */; };
		E17E3EB42B337279000F456C /* QuickMonitorView.swift in Sources */ = {isa = PBXBuildFile; fileRef = E17E3EB32B337279000F456C /* QuickMonitorView.swift */; };
		E17E3EB62B337812000F456C /* UnboundedGuage.swift in Sources */ = {isa = PBXBuildFile; fileRef = E17E3EB52B337812000F456C /* UnboundedGuage.swift */; };
		E17E3EB82B338580000F456C /* BrewGraph.swift in Sources */ = {isa = PBXBuildFile; fileRef = E17E3EB72B338580000F456C /* BrewGraph.swift */; };
		E17E3EBB2B33927D000F456C /* Rescale.swift in Sources */ = {isa = PBXBuildFile; fileRef = E17E3EBA2B33927D000F456C /* Rescale.swift */; };
		E187B29D2B87D0AF0050BFA2 /* Bool.swift in Sources */ = {isa = PBXBuildFile; fileRef = E187B29C2B87D0AF0050BFA2 /* Bool.swift */; };
		E18B794C2B375B59001A3FF0 /* SettingsView.swift in Sources */ = {isa = PBXBuildFile; fileRef = E18B794B2B375B59001A3FF0 /* SettingsView.swift */; };
		E18B794E2B3779CF001A3FF0 /* BrewView.swift in Sources */ = {isa = PBXBuildFile; fileRef = E18B794D2B3779CF001A3FF0 /* BrewView.swift */; };
		E18B79502B3779DA001A3FF0 /* ProfilesView.swift in Sources */ = {isa = PBXBuildFile; fileRef = E18B794F2B3779DA001A3FF0 /* ProfilesView.swift */; };
		E18B79552B378269001A3FF0 /* ProfileEditor.swift in Sources */ = {isa = PBXBuildFile; fileRef = E18B79542B378269001A3FF0 /* ProfileEditor.swift */; };
		E19948152B7AC893000E9B37 /* BrewProfile.swift in Sources */ = {isa = PBXBuildFile; fileRef = E19948142B7AC893000E9B37 /* BrewProfile.swift */; };
/* End PBXBuildFile section */

/* Begin PBXFileReference section */
		E107292E2BDD6D400010FCA1 /* Binding.swift */ = {isa = PBXFileReference; lastKnownFileType = sourcecode.swift; path = Binding.swift; sourceTree = "<group>"; };
		E13656E12B7BD35E00FD14A5 /* View.swift */ = {isa = PBXFileReference; lastKnownFileType = sourcecode.swift; path = View.swift; sourceTree = "<group>"; };
		E136667C2B77E94600AF2C98 /* DeviceConnectivity.swift */ = {isa = PBXFileReference; lastKnownFileType = sourcecode.swift; path = DeviceConnectivity.swift; sourceTree = "<group>"; };
		E136667E2B77EB6600AF2C98 /* BeanstormBLE.swift */ = {isa = PBXFileReference; lastKnownFileType = sourcecode.swift; path = BeanstormBLE.swift; sourceTree = "<group>"; };
		E13666812B7A75E100AF2C98 /* BeanstormPeripheral.swift */ = {isa = PBXFileReference; lastKnownFileType = sourcecode.swift; path = BeanstormPeripheral.swift; sourceTree = "<group>"; };
		E13666832B7A760C00AF2C98 /* BeanstormBLEModel.swift */ = {isa = PBXFileReference; lastKnownFileType = sourcecode.swift; path = BeanstormBLEModel.swift; sourceTree = "<group>"; };
		E13666852B7AA95600AF2C98 /* FloatingPoint.swift */ = {isa = PBXFileReference; lastKnownFileType = sourcecode.swift; path = FloatingPoint.swift; sourceTree = "<group>"; };
		E16D584C2BD67BE800E0CDFC /* beanstorm_schema.pb.swift */ = {isa = PBXFileReference; fileEncoding = 4; lastKnownFileType = sourcecode.swift; path = beanstorm_schema.pb.swift; sourceTree = "<group>"; };
		E17E3E9C2B323A6D000F456C /* beanstorm.app */ = {isa = PBXFileReference; explicitFileType = wrapper.application; includeInIndex = 0; path = beanstorm.app; sourceTree = BUILT_PRODUCTS_DIR; };
		E17E3E9F2B323A6D000F456C /* BeanstormApp.swift */ = {isa = PBXFileReference; lastKnownFileType = sourcecode.swift; path = BeanstormApp.swift; sourceTree = "<group>"; };
		E17E3EA12B323A6D000F456C /* ContentView.swift */ = {isa = PBXFileReference; lastKnownFileType = sourcecode.swift; path = ContentView.swift; sourceTree = "<group>"; };
		E17E3EA32B323A6D000F456C /* Assets.xcassets */ = {isa = PBXFileReference; lastKnownFileType = folder.assetcatalog; path = Assets.xcassets; sourceTree = "<group>"; };
		E17E3EA62B323A6D000F456C /* Preview Assets.xcassets */ = {isa = PBXFileReference; lastKnownFileType = folder.assetcatalog; path = "Preview Assets.xcassets"; sourceTree = "<group>"; };
		E17E3EAF2B335E18000F456C /* BoundedGuage.swift */ = {isa = PBXFileReference; lastKnownFileType = sourcecode.swift; path = BoundedGuage.swift; sourceTree = "<group>"; };
		E17E3EB32B337279000F456C /* QuickMonitorView.swift */ = {isa = PBXFileReference; lastKnownFileType = sourcecode.swift; path = QuickMonitorView.swift; sourceTree = "<group>"; };
		E17E3EB52B337812000F456C /* UnboundedGuage.swift */ = {isa = PBXFileReference; lastKnownFileType = sourcecode.swift; path = UnboundedGuage.swift; sourceTree = "<group>"; };
		E17E3EB72B338580000F456C /* BrewGraph.swift */ = {isa = PBXFileReference; lastKnownFileType = sourcecode.swift; path = BrewGraph.swift; sourceTree = "<group>"; };
		E17E3EBA2B33927D000F456C /* Rescale.swift */ = {isa = PBXFileReference; lastKnownFileType = sourcecode.swift; path = Rescale.swift; sourceTree = "<group>"; };
		E187B29C2B87D0AF0050BFA2 /* Bool.swift */ = {isa = PBXFileReference; lastKnownFileType = sourcecode.swift; path = Bool.swift; sourceTree = "<group>"; };
		E18B794B2B375B59001A3FF0 /* SettingsView.swift */ = {isa = PBXFileReference; lastKnownFileType = sourcecode.swift; path = SettingsView.swift; sourceTree = "<group>"; };
		E18B794D2B3779CF001A3FF0 /* BrewView.swift */ = {isa = PBXFileReference; lastKnownFileType = sourcecode.swift; path = BrewView.swift; sourceTree = "<group>"; };
		E18B794F2B3779DA001A3FF0 /* ProfilesView.swift */ = {isa = PBXFileReference; lastKnownFileType = sourcecode.swift; path = ProfilesView.swift; sourceTree = "<group>"; };
		E18B79542B378269001A3FF0 /* ProfileEditor.swift */ = {isa = PBXFileReference; lastKnownFileType = sourcecode.swift; path = ProfileEditor.swift; sourceTree = "<group>"; };
		E19948142B7AC893000E9B37 /* BrewProfile.swift */ = {isa = PBXFileReference; lastKnownFileType = sourcecode.swift; path = BrewProfile.swift; sourceTree = "<group>"; };
/* End PBXFileReference section */

/* Begin PBXFrameworksBuildPhase section */
		E17E3E992B323A6D000F456C /* Frameworks */ = {
			isa = PBXFrameworksBuildPhase;
			buildActionMask = 2147483647;
			files = (
				E16D583F2BD5357C00E0CDFC /* SwiftProtobufPluginLibrary in Frameworks */,
				E16D583D2BD5357C00E0CDFC /* SwiftProtobuf in Frameworks */,
				E16D58412BD5357C00E0CDFC /* protoc-gen-swift in Frameworks */,
			);
			runOnlyForDeploymentPostprocessing = 0;
		};
/* End PBXFrameworksBuildPhase section */

/* Begin PBXGroup section */
		E13656E02B7BCFA100FD14A5 /* extensions */ = {
			isa = PBXGroup;
			children = (
				E13666852B7AA95600AF2C98 /* FloatingPoint.swift */,
				E13656E12B7BD35E00FD14A5 /* View.swift */,
				E187B29C2B87D0AF0050BFA2 /* Bool.swift */,
				E107292E2BDD6D400010FCA1 /* Binding.swift */,
			);
			path = extensions;
			sourceTree = "<group>";
		};
		E13666802B7A75C900AF2C98 /* ble */ = {
			isa = PBXGroup;
			children = (
				E136667E2B77EB6600AF2C98 /* BeanstormBLE.swift */,
				E13666812B7A75E100AF2C98 /* BeanstormPeripheral.swift */,
				E13666832B7A760C00AF2C98 /* BeanstormBLEModel.swift */,
			);
			path = ble;
			sourceTree = "<group>";
		};
		E16D58472BD5383700E0CDFC /* schemas */ = {
			isa = PBXGroup;
			children = (
				E16D584C2BD67BE800E0CDFC /* beanstorm_schema.pb.swift */,
			);
			path = schemas;
			sourceTree = "<group>";
		};
		E17E3E932B323A6D000F456C = {
			isa = PBXGroup;
			children = (
				E17E3E9E2B323A6D000F456C /* beanstorm */,
				E17E3E9D2B323A6D000F456C /* Products */,
			);
			sourceTree = "<group>";
		};
		E17E3E9D2B323A6D000F456C /* Products */ = {
			isa = PBXGroup;
			children = (
				E17E3E9C2B323A6D000F456C /* beanstorm.app */,
			);
			name = Products;
			sourceTree = "<group>";
		};
		E17E3E9E2B323A6D000F456C /* beanstorm */ = {
			isa = PBXGroup;
			children = (
				E16D58472BD5383700E0CDFC /* schemas */,
				E13656E02B7BCFA100FD14A5 /* extensions */,
				E19948132B7AC87B000E9B37 /* data */,
				E13666802B7A75C900AF2C98 /* ble */,
				E17E3EB92B33926B000F456C /* helpers */,
				E17E3EAE2B323ADA000F456C /* components */,
				E17E3EAD2B323AB7000F456C /* views */,
				E17E3E9F2B323A6D000F456C /* BeanstormApp.swift */,
				E17E3EA32B323A6D000F456C /* Assets.xcassets */,
				E17E3EA52B323A6D000F456C /* Preview Content */,
			);
			path = beanstorm;
			sourceTree = "<group>";
		};
		E17E3EA52B323A6D000F456C /* Preview Content */ = {
			isa = PBXGroup;
			children = (
				E17E3EA62B323A6D000F456C /* Preview Assets.xcassets */,
			);
			path = "Preview Content";
			sourceTree = "<group>";
		};
		E17E3EAD2B323AB7000F456C /* views */ = {
			isa = PBXGroup;
			children = (
				E136667C2B77E94600AF2C98 /* DeviceConnectivity.swift */,
				E17E3EA12B323A6D000F456C /* ContentView.swift */,
				E18B794B2B375B59001A3FF0 /* SettingsView.swift */,
				E18B794D2B3779CF001A3FF0 /* BrewView.swift */,
				E18B794F2B3779DA001A3FF0 /* ProfilesView.swift */,
			);
			path = views;
			sourceTree = "<group>";
		};
		E17E3EAE2B323ADA000F456C /* components */ = {
			isa = PBXGroup;
			children = (
				E17E3EAF2B335E18000F456C /* BoundedGuage.swift */,
				E17E3EB52B337812000F456C /* UnboundedGuage.swift */,
				E17E3EB32B337279000F456C /* QuickMonitorView.swift */,
				E17E3EB72B338580000F456C /* BrewGraph.swift */,
				E18B79542B378269001A3FF0 /* ProfileEditor.swift */,
			);
			path = components;
			sourceTree = "<group>";
		};
		E17E3EB92B33926B000F456C /* helpers */ = {
			isa = PBXGroup;
			children = (
				E17E3EBA2B33927D000F456C /* Rescale.swift */,
			);
			path = helpers;
			sourceTree = "<group>";
		};
		E19948132B7AC87B000E9B37 /* data */ = {
			isa = PBXGroup;
			children = (
				E19948142B7AC893000E9B37 /* BrewProfile.swift */,
			);
			path = data;
			sourceTree = "<group>";
		};
/* End PBXGroup section */

/* Begin PBXNativeTarget section */
		E17E3E9B2B323A6D000F456C /* beanstorm */ = {
			isa = PBXNativeTarget;
			buildConfigurationList = E17E3EAA2B323A6D000F456C /* Build configuration list for PBXNativeTarget "beanstorm" */;
			buildPhases = (
				E17E3E982B323A6D000F456C /* Sources */,
				E17E3E992B323A6D000F456C /* Frameworks */,
				E17E3E9A2B323A6D000F456C /* Resources */,
			);
			buildRules = (
			);
			dependencies = (
			);
			name = beanstorm;
			packageProductDependencies = (
				E16D583C2BD5357C00E0CDFC /* SwiftProtobuf */,
				E16D583E2BD5357C00E0CDFC /* SwiftProtobufPluginLibrary */,
				E16D58402BD5357C00E0CDFC /* protoc-gen-swift */,
			);
			productName = beanstorm;
			productReference = E17E3E9C2B323A6D000F456C /* beanstorm.app */;
			productType = "com.apple.product-type.application";
		};
/* End PBXNativeTarget section */

/* Begin PBXProject section */
		E17E3E942B323A6D000F456C /* Project object */ = {
			isa = PBXProject;
			attributes = {
				BuildIndependentTargetsInParallel = 1;
				LastSwiftUpdateCheck = 1500;
				LastUpgradeCheck = 1500;
				TargetAttributes = {
					E17E3E9B2B323A6D000F456C = {
						CreatedOnToolsVersion = 15.0.1;
					};
				};
			};
			buildConfigurationList = E17E3E972B323A6D000F456C /* Build configuration list for PBXProject "beanstorm" */;
			compatibilityVersion = "Xcode 14.0";
			developmentRegion = en;
			hasScannedForEncodings = 0;
			knownRegions = (
				en,
				Base,
			);
			mainGroup = E17E3E932B323A6D000F456C;
			packageReferences = (
				E16D583B2BD5357C00E0CDFC /* XCRemoteSwiftPackageReference "swift-protobuf" */,
			);
			productRefGroup = E17E3E9D2B323A6D000F456C /* Products */;
			projectDirPath = "";
			projectRoot = "";
			targets = (
				E17E3E9B2B323A6D000F456C /* beanstorm */,
			);
		};
/* End PBXProject section */

/* Begin PBXResourcesBuildPhase section */
		E17E3E9A2B323A6D000F456C /* Resources */ = {
			isa = PBXResourcesBuildPhase;
			buildActionMask = 2147483647;
			files = (
				E17E3EA72B323A6D000F456C /* Preview Assets.xcassets in Resources */,
				E17E3EA42B323A6D000F456C /* Assets.xcassets in Resources */,
			);
			runOnlyForDeploymentPostprocessing = 0;
		};
/* End PBXResourcesBuildPhase section */

/* Begin PBXSourcesBuildPhase section */
		E17E3E982B323A6D000F456C /* Sources */ = {
			isa = PBXSourcesBuildPhase;
			buildActionMask = 2147483647;
			files = (
				E18B79552B378269001A3FF0 /* ProfileEditor.swift in Sources */,
				E136667D2B77E94600AF2C98 /* DeviceConnectivity.swift in Sources */,
				E18B79502B3779DA001A3FF0 /* ProfilesView.swift in Sources */,
				E16D584D2BD67BE800E0CDFC /* beanstorm_schema.pb.swift in Sources */,
				E17E3EA22B323A6D000F456C /* ContentView.swift in Sources */,
				E13666822B7A75E100AF2C98 /* BeanstormPeripheral.swift in Sources */,
				E13656E22B7BD35E00FD14A5 /* View.swift in Sources */,
				E13666862B7AA95600AF2C98 /* FloatingPoint.swift in Sources */,
				E18B794C2B375B59001A3FF0 /* SettingsView.swift in Sources */,
				E13666842B7A760C00AF2C98 /* BeanstormBLEModel.swift in Sources */,
				E107292F2BDD6D400010FCA1 /* Binding.swift in Sources */,
				E19948152B7AC893000E9B37 /* BrewProfile.swift in Sources */,
				E17E3EB42B337279000F456C /* QuickMonitorView.swift in Sources */,
				E187B29D2B87D0AF0050BFA2 /* Bool.swift in Sources */,
				E17E3EBB2B33927D000F456C /* Rescale.swift in Sources */,
				E17E3EB82B338580000F456C /* BrewGraph.swift in Sources */,
				E136667F2B77EB6600AF2C98 /* BeanstormBLE.swift in Sources */,
				E17E3EB02B335E18000F456C /* BoundedGuage.swift in Sources */,
				E17E3EA02B323A6D000F456C /* BeanstormApp.swift in Sources */,
				E18B794E2B3779CF001A3FF0 /* BrewView.swift in Sources */,
				E17E3EB62B337812000F456C /* UnboundedGuage.swift in Sources */,
			);
			runOnlyForDeploymentPostprocessing = 0;
		};
/* End PBXSourcesBuildPhase section */

/* Begin XCBuildConfiguration section */
		E17E3EA82B323A6D000F456C /* Debug */ = {
			isa = XCBuildConfiguration;
			buildSettings = {
				ALWAYS_SEARCH_USER_PATHS = NO;
				ASSETCATALOG_COMPILER_GENERATE_SWIFT_ASSET_SYMBOL_EXTENSIONS = YES;
				CLANG_ANALYZER_NONNULL = YES;
				CLANG_ANALYZER_NUMBER_OBJECT_CONVERSION = YES_AGGRESSIVE;
				CLANG_CXX_LANGUAGE_STANDARD = "gnu++20";
				CLANG_ENABLE_MODULES = YES;
				CLANG_ENABLE_OBJC_ARC = YES;
				CLANG_ENABLE_OBJC_WEAK = YES;
				CLANG_WARN_BLOCK_CAPTURE_AUTORELEASING = YES;
				CLANG_WARN_BOOL_CONVERSION = YES;
				CLANG_WARN_COMMA = YES;
				CLANG_WARN_CONSTANT_CONVERSION = YES;
				CLANG_WARN_DEPRECATED_OBJC_IMPLEMENTATIONS = YES;
				CLANG_WARN_DIRECT_OBJC_ISA_USAGE = YES_ERROR;
				CLANG_WARN_DOCUMENTATION_COMMENTS = YES;
				CLANG_WARN_EMPTY_BODY = YES;
				CLANG_WARN_ENUM_CONVERSION = YES;
				CLANG_WARN_INFINITE_RECURSION = YES;
				CLANG_WARN_INT_CONVERSION = YES;
				CLANG_WARN_NON_LITERAL_NULL_CONVERSION = YES;
				CLANG_WARN_OBJC_IMPLICIT_RETAIN_SELF = YES;
				CLANG_WARN_OBJC_LITERAL_CONVERSION = YES;
				CLANG_WARN_OBJC_ROOT_CLASS = YES_ERROR;
				CLANG_WARN_QUOTED_INCLUDE_IN_FRAMEWORK_HEADER = YES;
				CLANG_WARN_RANGE_LOOP_ANALYSIS = YES;
				CLANG_WARN_STRICT_PROTOTYPES = YES;
				CLANG_WARN_SUSPICIOUS_MOVE = YES;
				CLANG_WARN_UNGUARDED_AVAILABILITY = YES_AGGRESSIVE;
				CLANG_WARN_UNREACHABLE_CODE = YES;
				CLANG_WARN__DUPLICATE_METHOD_MATCH = YES;
				COPY_PHASE_STRIP = NO;
				DEBUG_INFORMATION_FORMAT = dwarf;
				ENABLE_STRICT_OBJC_MSGSEND = YES;
				ENABLE_TESTABILITY = YES;
				ENABLE_USER_SCRIPT_SANDBOXING = YES;
				GCC_C_LANGUAGE_STANDARD = gnu17;
				GCC_DYNAMIC_NO_PIC = NO;
				GCC_NO_COMMON_BLOCKS = YES;
				GCC_OPTIMIZATION_LEVEL = 0;
				GCC_PREPROCESSOR_DEFINITIONS = (
					"DEBUG=1",
					"$(inherited)",
				);
				GCC_WARN_64_TO_32_BIT_CONVERSION = YES;
				GCC_WARN_ABOUT_RETURN_TYPE = YES_ERROR;
				GCC_WARN_UNDECLARED_SELECTOR = YES;
				GCC_WARN_UNINITIALIZED_AUTOS = YES_AGGRESSIVE;
				GCC_WARN_UNUSED_FUNCTION = YES;
				GCC_WARN_UNUSED_VARIABLE = YES;
				IPHONEOS_DEPLOYMENT_TARGET = 17.0;
				LOCALIZATION_PREFERS_STRING_CATALOGS = YES;
				MTL_ENABLE_DEBUG_INFO = INCLUDE_SOURCE;
				MTL_FAST_MATH = YES;
				ONLY_ACTIVE_ARCH = YES;
				SDKROOT = iphoneos;
				SWIFT_ACTIVE_COMPILATION_CONDITIONS = "DEBUG $(inherited)";
				SWIFT_OPTIMIZATION_LEVEL = "-Onone";
			};
			name = Debug;
		};
		E17E3EA92B323A6D000F456C /* Release */ = {
			isa = XCBuildConfiguration;
			buildSettings = {
				ALWAYS_SEARCH_USER_PATHS = NO;
				ASSETCATALOG_COMPILER_GENERATE_SWIFT_ASSET_SYMBOL_EXTENSIONS = YES;
				CLANG_ANALYZER_NONNULL = YES;
				CLANG_ANALYZER_NUMBER_OBJECT_CONVERSION = YES_AGGRESSIVE;
				CLANG_CXX_LANGUAGE_STANDARD = "gnu++20";
				CLANG_ENABLE_MODULES = YES;
				CLANG_ENABLE_OBJC_ARC = YES;
				CLANG_ENABLE_OBJC_WEAK = YES;
				CLANG_WARN_BLOCK_CAPTURE_AUTORELEASING = YES;
				CLANG_WARN_BOOL_CONVERSION = YES;
				CLANG_WARN_COMMA = YES;
				CLANG_WARN_CONSTANT_CONVERSION = YES;
				CLANG_WARN_DEPRECATED_OBJC_IMPLEMENTATIONS = YES;
				CLANG_WARN_DIRECT_OBJC_ISA_USAGE = YES_ERROR;
				CLANG_WARN_DOCUMENTATION_COMMENTS = YES;
				CLANG_WARN_EMPTY_BODY = YES;
				CLANG_WARN_ENUM_CONVERSION = YES;
				CLANG_WARN_INFINITE_RECURSION = YES;
				CLANG_WARN_INT_CONVERSION = YES;
				CLANG_WARN_NON_LITERAL_NULL_CONVERSION = YES;
				CLANG_WARN_OBJC_IMPLICIT_RETAIN_SELF = YES;
				CLANG_WARN_OBJC_LITERAL_CONVERSION = YES;
				CLANG_WARN_OBJC_ROOT_CLASS = YES_ERROR;
				CLANG_WARN_QUOTED_INCLUDE_IN_FRAMEWORK_HEADER = YES;
				CLANG_WARN_RANGE_LOOP_ANALYSIS = YES;
				CLANG_WARN_STRICT_PROTOTYPES = YES;
				CLANG_WARN_SUSPICIOUS_MOVE = YES;
				CLANG_WARN_UNGUARDED_AVAILABILITY = YES_AGGRESSIVE;
				CLANG_WARN_UNREACHABLE_CODE = YES;
				CLANG_WARN__DUPLICATE_METHOD_MATCH = YES;
				COPY_PHASE_STRIP = NO;
				DEBUG_INFORMATION_FORMAT = "dwarf-with-dsym";
				ENABLE_NS_ASSERTIONS = NO;
				ENABLE_STRICT_OBJC_MSGSEND = YES;
				ENABLE_USER_SCRIPT_SANDBOXING = YES;
				GCC_C_LANGUAGE_STANDARD = gnu17;
				GCC_NO_COMMON_BLOCKS = YES;
				GCC_WARN_64_TO_32_BIT_CONVERSION = YES;
				GCC_WARN_ABOUT_RETURN_TYPE = YES_ERROR;
				GCC_WARN_UNDECLARED_SELECTOR = YES;
				GCC_WARN_UNINITIALIZED_AUTOS = YES_AGGRESSIVE;
				GCC_WARN_UNUSED_FUNCTION = YES;
				GCC_WARN_UNUSED_VARIABLE = YES;
				IPHONEOS_DEPLOYMENT_TARGET = 17.0;
				LOCALIZATION_PREFERS_STRING_CATALOGS = YES;
				MTL_ENABLE_DEBUG_INFO = NO;
				MTL_FAST_MATH = YES;
				SDKROOT = iphoneos;
				SWIFT_COMPILATION_MODE = wholemodule;
				VALIDATE_PRODUCT = YES;
			};
			name = Release;
		};
		E17E3EAB2B323A6D000F456C /* Debug */ = {
			isa = XCBuildConfiguration;
			buildSettings = {
				ASSETCATALOG_COMPILER_APPICON_NAME = AppIcon;
				ASSETCATALOG_COMPILER_GLOBAL_ACCENT_COLOR_NAME = AccentColor;
				CODE_SIGN_STYLE = Automatic;
				CURRENT_PROJECT_VERSION = 1;
				DEVELOPMENT_ASSET_PATHS = "\"beanstorm/Preview Content\"";
				DEVELOPMENT_TEAM = KZV679P5DQ;
				ENABLE_PREVIEWS = YES;
				GENERATE_INFOPLIST_FILE = YES;
				INFOPLIST_KEY_CFBundleDisplayName = Beanstorm;
				INFOPLIST_KEY_NSBluetoothAlwaysUsageDescription = "Used to access BeanstormOS Devices using BLE";
				INFOPLIST_KEY_UIApplicationSceneManifest_Generation = YES;
				INFOPLIST_KEY_UIApplicationSupportsIndirectInputEvents = YES;
				INFOPLIST_KEY_UILaunchScreen_Generation = YES;
				INFOPLIST_KEY_UISupportedInterfaceOrientations = "UIInterfaceOrientationLandscapeLeft UIInterfaceOrientationLandscapeRight UIInterfaceOrientationPortrait UIInterfaceOrientationPortraitUpsideDown";
				LD_RUNPATH_SEARCH_PATHS = (
					"$(inherited)",
					"@executable_path/Frameworks",
				);
				MARKETING_VERSION = 1.0;
				PRODUCT_BUNDLE_IDENTIFIER = com.leonps.beanstorm;
				PRODUCT_NAME = "$(TARGET_NAME)";
				SWIFT_EMIT_LOC_STRINGS = YES;
				SWIFT_VERSION = 5.0;
				TARGETED_DEVICE_FAMILY = "1,2";
			};
			name = Debug;
		};
		E17E3EAC2B323A6D000F456C /* Release */ = {
			isa = XCBuildConfiguration;
			buildSettings = {
				ASSETCATALOG_COMPILER_APPICON_NAME = AppIcon;
				ASSETCATALOG_COMPILER_GLOBAL_ACCENT_COLOR_NAME = AccentColor;
				CODE_SIGN_STYLE = Automatic;
				CURRENT_PROJECT_VERSION = 1;
				DEVELOPMENT_ASSET_PATHS = "\"beanstorm/Preview Content\"";
				DEVELOPMENT_TEAM = KZV679P5DQ;
				ENABLE_PREVIEWS = YES;
				GENERATE_INFOPLIST_FILE = YES;
				INFOPLIST_KEY_CFBundleDisplayName = Beanstorm;
				INFOPLIST_KEY_NSBluetoothAlwaysUsageDescription = "Used to access BeanstormOS Devices using BLE";
				INFOPLIST_KEY_UIApplicationSceneManifest_Generation = YES;
				INFOPLIST_KEY_UIApplicationSupportsIndirectInputEvents = YES;
				INFOPLIST_KEY_UILaunchScreen_Generation = YES;
				INFOPLIST_KEY_UISupportedInterfaceOrientations = "UIInterfaceOrientationLandscapeLeft UIInterfaceOrientationLandscapeRight UIInterfaceOrientationPortrait UIInterfaceOrientationPortraitUpsideDown";
				LD_RUNPATH_SEARCH_PATHS = (
					"$(inherited)",
					"@executable_path/Frameworks",
				);
				MARKETING_VERSION = 1.0;
				PRODUCT_BUNDLE_IDENTIFIER = com.leonps.beanstorm;
				PRODUCT_NAME = "$(TARGET_NAME)";
				SWIFT_EMIT_LOC_STRINGS = YES;
				SWIFT_VERSION = 5.0;
				TARGETED_DEVICE_FAMILY = "1,2";
			};
			name = Release;
		};
/* End XCBuildConfiguration section */

/* Begin XCConfigurationList section */
		E17E3E972B323A6D000F456C /* Build configuration list for PBXProject "beanstorm" */ = {
			isa = XCConfigurationList;
			buildConfigurations = (
				E17E3EA82B323A6D000F456C /* Debug */,
				E17E3EA92B323A6D000F456C /* Release */,
			);
			defaultConfigurationIsVisible = 0;
			defaultConfigurationName = Release;
		};
		E17E3EAA2B323A6D000F456C /* Build configuration list for PBXNativeTarget "beanstorm" */ = {
			isa = XCConfigurationList;
			buildConfigurations = (
				E17E3EAB2B323A6D000F456C /* Debug */,
				E17E3EAC2B323A6D000F456C /* Release */,
			);
			defaultConfigurationIsVisible = 0;
			defaultConfigurationName = Release;
		};
/* End XCConfigurationList section */

/* Begin XCRemoteSwiftPackageReference section */
		E16D583B2BD5357C00E0CDFC /* XCRemoteSwiftPackageReference "swift-protobuf" */ = {
			isa = XCRemoteSwiftPackageReference;
			repositoryURL = "https://github.com/apple/swift-protobuf.git";
			requirement = {
				kind = upToNextMajorVersion;
				minimumVersion = 1.26.0;
			};
		};
/* End XCRemoteSwiftPackageReference section */

/* Begin XCSwiftPackageProductDependency section */
		E16D583C2BD5357C00E0CDFC /* SwiftProtobuf */ = {
			isa = XCSwiftPackageProductDependency;
			package = E16D583B2BD5357C00E0CDFC /* XCRemoteSwiftPackageReference "swift-protobuf" */;
			productName = SwiftProtobuf;
		};
		E16D583E2BD5357C00E0CDFC /* SwiftProtobufPluginLibrary */ = {
			isa = XCSwiftPackageProductDependency;
			package = E16D583B2BD5357C00E0CDFC /* XCRemoteSwiftPackageReference "swift-protobuf" */;
			productName = SwiftProtobufPluginLibrary;
		};
		E16D58402BD5357C00E0CDFC /* protoc-gen-swift */ = {
			isa = XCSwiftPackageProductDependency;
			package = E16D583B2BD5357C00E0CDFC /* XCRemoteSwiftPackageReference "swift-protobuf" */;
			productName = "protoc-gen-swift";
		};
/* End XCSwiftPackageProductDependency section */
	};
	rootObject = E17E3E942B323A6D000F456C /* Project object */;
}
