// !$*UTF8*$!
{
	archiveVersion = 1;
	classes = {
	};
	objectVersion = 56;
	objects = {

/* Begin PBXBuildFile section */
		E17E3EA02B323A6D000F456C /* BeanstormApp.swift in Sources */ = {isa = PBXBuildFile; fileRef = E17E3E9F2B323A6D000F456C /* BeanstormApp.swift */; };
		E17E3EA22B323A6D000F456C /* ContentView.swift in Sources */ = {isa = PBXBuildFile; fileRef = E17E3EA12B323A6D000F456C /* ContentView.swift */; };
		E17E3EA42B323A6D000F456C /* Assets.xcassets in Resources */ = {isa = PBXBuildFile; fileRef = E17E3EA32B323A6D000F456C /* Assets.xcassets */; };
		E17E3EA72B323A6D000F456C /* Preview Assets.xcassets in Resources */ = {isa = PBXBuildFile; fileRef = E17E3EA62B323A6D000F456C /* Preview Assets.xcassets */; };
		E17E3EB02B335E18000F456C /* TemperatureGuage.swift in Sources */ = {isa = PBXBuildFile; fileRef = E17E3EAF2B335E18000F456C /* TemperatureGuage.swift */; };
		E17E3EB42B337279000F456C /* QuickMonitorView.swift in Sources */ = {isa = PBXBuildFile; fileRef = E17E3EB32B337279000F456C /* QuickMonitorView.swift */; };
		E17E3EB62B337812000F456C /* PressureGuage.swift in Sources */ = {isa = PBXBuildFile; fileRef = E17E3EB52B337812000F456C /* PressureGuage.swift */; };
		E17E3EB82B338580000F456C /* BrewGraph.swift in Sources */ = {isa = PBXBuildFile; fileRef = E17E3EB72B338580000F456C /* BrewGraph.swift */; };
		E17E3EBB2B33927D000F456C /* Rescale.swift in Sources */ = {isa = PBXBuildFile; fileRef = E17E3EBA2B33927D000F456C /* Rescale.swift */; };
		E18B794C2B375B59001A3FF0 /* SettingsView.swift in Sources */ = {isa = PBXBuildFile; fileRef = E18B794B2B375B59001A3FF0 /* SettingsView.swift */; };
		E18B794E2B3779CF001A3FF0 /* BrewView.swift in Sources */ = {isa = PBXBuildFile; fileRef = E18B794D2B3779CF001A3FF0 /* BrewView.swift */; };
		E18B79502B3779DA001A3FF0 /* ProfilesView.swift in Sources */ = {isa = PBXBuildFile; fileRef = E18B794F2B3779DA001A3FF0 /* ProfilesView.swift */; };
		E18B79532B377B74001A3FF0 /* Profiles.xcdatamodeld in Sources */ = {isa = PBXBuildFile; fileRef = E18B79512B377B74001A3FF0 /* Profiles.xcdatamodeld */; };
		E18B79552B378269001A3FF0 /* Idk.swift in Sources */ = {isa = PBXBuildFile; fileRef = E18B79542B378269001A3FF0 /* Idk.swift */; };
/* End PBXBuildFile section */

/* Begin PBXFileReference section */
		E17E3E9C2B323A6D000F456C /* beanstorm.app */ = {isa = PBXFileReference; explicitFileType = wrapper.application; includeInIndex = 0; path = beanstorm.app; sourceTree = BUILT_PRODUCTS_DIR; };
		E17E3E9F2B323A6D000F456C /* BeanstormApp.swift */ = {isa = PBXFileReference; lastKnownFileType = sourcecode.swift; path = BeanstormApp.swift; sourceTree = "<group>"; };
		E17E3EA12B323A6D000F456C /* ContentView.swift */ = {isa = PBXFileReference; lastKnownFileType = sourcecode.swift; path = ContentView.swift; sourceTree = "<group>"; };
		E17E3EA32B323A6D000F456C /* Assets.xcassets */ = {isa = PBXFileReference; lastKnownFileType = folder.assetcatalog; path = Assets.xcassets; sourceTree = "<group>"; };
		E17E3EA62B323A6D000F456C /* Preview Assets.xcassets */ = {isa = PBXFileReference; lastKnownFileType = folder.assetcatalog; path = "Preview Assets.xcassets"; sourceTree = "<group>"; };
		E17E3EAF2B335E18000F456C /* TemperatureGuage.swift */ = {isa = PBXFileReference; lastKnownFileType = sourcecode.swift; path = TemperatureGuage.swift; sourceTree = "<group>"; };
		E17E3EB32B337279000F456C /* QuickMonitorView.swift */ = {isa = PBXFileReference; lastKnownFileType = sourcecode.swift; path = QuickMonitorView.swift; sourceTree = "<group>"; };
		E17E3EB52B337812000F456C /* PressureGuage.swift */ = {isa = PBXFileReference; lastKnownFileType = sourcecode.swift; path = PressureGuage.swift; sourceTree = "<group>"; };
		E17E3EB72B338580000F456C /* BrewGraph.swift */ = {isa = PBXFileReference; lastKnownFileType = sourcecode.swift; path = BrewGraph.swift; sourceTree = "<group>"; };
		E17E3EBA2B33927D000F456C /* Rescale.swift */ = {isa = PBXFileReference; lastKnownFileType = sourcecode.swift; path = Rescale.swift; sourceTree = "<group>"; };
		E18B794B2B375B59001A3FF0 /* SettingsView.swift */ = {isa = PBXFileReference; lastKnownFileType = sourcecode.swift; path = SettingsView.swift; sourceTree = "<group>"; };
		E18B794D2B3779CF001A3FF0 /* BrewView.swift */ = {isa = PBXFileReference; lastKnownFileType = sourcecode.swift; path = BrewView.swift; sourceTree = "<group>"; };
		E18B794F2B3779DA001A3FF0 /* ProfilesView.swift */ = {isa = PBXFileReference; lastKnownFileType = sourcecode.swift; path = ProfilesView.swift; sourceTree = "<group>"; };
		E18B79522B377B74001A3FF0 /* Profiles.xcdatamodel */ = {isa = PBXFileReference; lastKnownFileType = wrapper.xcdatamodel; path = Profiles.xcdatamodel; sourceTree = "<group>"; };
		E18B79542B378269001A3FF0 /* Idk.swift */ = {isa = PBXFileReference; lastKnownFileType = sourcecode.swift; path = Idk.swift; sourceTree = "<group>"; };
/* End PBXFileReference section */

/* Begin PBXFrameworksBuildPhase section */
		E17E3E992B323A6D000F456C /* Frameworks */ = {
			isa = PBXFrameworksBuildPhase;
			buildActionMask = 2147483647;
			files = (
			);
			runOnlyForDeploymentPostprocessing = 0;
		};
/* End PBXFrameworksBuildPhase section */

/* Begin PBXGroup section */
		E17E3E932B323A6D000F456C = {
			isa = PBXGroup;
			children = (
				E17E3E9E2B323A6D000F456C /* beanstorm */,
				E17E3E9D2B323A6D000F456C /* Products */,
			);
			sourceTree = "<group>";
		};
		E17E3E9D2B323A6D000F456C /* Products */ = {
			isa = PBXGroup;
			children = (
				E17E3E9C2B323A6D000F456C /* beanstorm.app */,
			);
			name = Products;
			sourceTree = "<group>";
		};
		E17E3E9E2B323A6D000F456C /* beanstorm */ = {
			isa = PBXGroup;
			children = (
				E17E3EB92B33926B000F456C /* helpers */,
				E17E3EAE2B323ADA000F456C /* components */,
				E17E3EAD2B323AB7000F456C /* views */,
				E17E3E9F2B323A6D000F456C /* BeanstormApp.swift */,
				E17E3EA32B323A6D000F456C /* Assets.xcassets */,
				E17E3EA52B323A6D000F456C /* Preview Content */,
				E18B79512B377B74001A3FF0 /* Profiles.xcdatamodeld */,
			);
			path = beanstorm;
			sourceTree = "<group>";
		};
		E17E3EA52B323A6D000F456C /* Preview Content */ = {
			isa = PBXGroup;
			children = (
				E17E3EA62B323A6D000F456C /* Preview Assets.xcassets */,
			);
			path = "Preview Content";
			sourceTree = "<group>";
		};
		E17E3EAD2B323AB7000F456C /* views */ = {
			isa = PBXGroup;
			children = (
				E17E3EA12B323A6D000F456C /* ContentView.swift */,
				E18B794B2B375B59001A3FF0 /* SettingsView.swift */,
				E18B794D2B3779CF001A3FF0 /* BrewView.swift */,
				E18B794F2B3779DA001A3FF0 /* ProfilesView.swift */,
			);
			path = views;
			sourceTree = "<group>";
		};
		E17E3EAE2B323ADA000F456C /* components */ = {
			isa = PBXGroup;
			children = (
				E17E3EAF2B335E18000F456C /* TemperatureGuage.swift */,
				E17E3EB32B337279000F456C /* QuickMonitorView.swift */,
				E17E3EB52B337812000F456C /* PressureGuage.swift */,
				E17E3EB72B338580000F456C /* BrewGraph.swift */,
				E18B79542B378269001A3FF0 /* Idk.swift */,
			);
			path = components;
			sourceTree = "<group>";
		};
		E17E3EB92B33926B000F456C /* helpers */ = {
			isa = PBXGroup;
			children = (
				E17E3EBA2B33927D000F456C /* Rescale.swift */,
			);
			path = helpers;
			sourceTree = "<group>";
		};
/* End PBXGroup section */

/* Begin PBXNativeTarget section */
		E17E3E9B2B323A6D000F456C /* beanstorm */ = {
			isa = PBXNativeTarget;
			buildConfigurationList = E17E3EAA2B323A6D000F456C /* Build configuration list for PBXNativeTarget "beanstorm" */;
			buildPhases = (
				E17E3E982B323A6D000F456C /* Sources */,
				E17E3E992B323A6D000F456C /* Frameworks */,
				E17E3E9A2B323A6D000F456C /* Resources */,
			);
			buildRules = (
			);
			dependencies = (
			);
			name = beanstorm;
			productName = beanstorm;
			productReference = E17E3E9C2B323A6D000F456C /* beanstorm.app */;
			productType = "com.apple.product-type.application";
		};
/* End PBXNativeTarget section */

/* Begin PBXProject section */
		E17E3E942B323A6D000F456C /* Project object */ = {
			isa = PBXProject;
			attributes = {
				BuildIndependentTargetsInParallel = 1;
				LastSwiftUpdateCheck = 1500;
				LastUpgradeCheck = 1500;
				TargetAttributes = {
					E17E3E9B2B323A6D000F456C = {
						CreatedOnToolsVersion = 15.0.1;
					};
				};
			};
			buildConfigurationList = E17E3E972B323A6D000F456C /* Build configuration list for PBXProject "beanstorm" */;
			compatibilityVersion = "Xcode 14.0";
			developmentRegion = en;
			hasScannedForEncodings = 0;
			knownRegions = (
				en,
				Base,
			);
			mainGroup = E17E3E932B323A6D000F456C;
			productRefGroup = E17E3E9D2B323A6D000F456C /* Products */;
			projectDirPath = "";
			projectRoot = "";
			targets = (
				E17E3E9B2B323A6D000F456C /* beanstorm */,
			);
		};
/* End PBXProject section */

/* Begin PBXResourcesBuildPhase section */
		E17E3E9A2B323A6D000F456C /* Resources */ = {
			isa = PBXResourcesBuildPhase;
			buildActionMask = 2147483647;
			files = (
				E17E3EA72B323A6D000F456C /* Preview Assets.xcassets in Resources */,
				E17E3EA42B323A6D000F456C /* Assets.xcassets in Resources */,
			);
			runOnlyForDeploymentPostprocessing = 0;
		};
/* End PBXResourcesBuildPhase section */

/* Begin PBXSourcesBuildPhase section */
		E17E3E982B323A6D000F456C /* Sources */ = {
			isa = PBXSourcesBuildPhase;
			buildActionMask = 2147483647;
			files = (
				E18B79552B378269001A3FF0 /* Idk.swift in Sources */,
				E18B79502B3779DA001A3FF0 /* ProfilesView.swift in Sources */,
				E17E3EA22B323A6D000F456C /* ContentView.swift in Sources */,
				E18B794C2B375B59001A3FF0 /* SettingsView.swift in Sources */,
				E17E3EB42B337279000F456C /* QuickMonitorView.swift in Sources */,
				E17E3EBB2B33927D000F456C /* Rescale.swift in Sources */,
				E17E3EB82B338580000F456C /* BrewGraph.swift in Sources */,
				E18B79532B377B74001A3FF0 /* Profiles.xcdatamodeld in Sources */,
				E17E3EB02B335E18000F456C /* TemperatureGuage.swift in Sources */,
				E17E3EA02B323A6D000F456C /* BeanstormApp.swift in Sources */,
				E18B794E2B3779CF001A3FF0 /* BrewView.swift in Sources */,
				E17E3EB62B337812000F456C /* PressureGuage.swift in Sources */,
			);
			runOnlyForDeploymentPostprocessing = 0;
		};
/* End PBXSourcesBuildPhase section */

/* Begin XCBuildConfiguration section */
		E17E3EA82B323A6D000F456C /* Debug */ = {
			isa = XCBuildConfiguration;
			buildSettings = {
				ALWAYS_SEARCH_USER_PATHS = NO;
				ASSETCATALOG_COMPILER_GENERATE_SWIFT_ASSET_SYMBOL_EXTENSIONS = YES;
				CLANG_ANALYZER_NONNULL = YES;
				CLANG_ANALYZER_NUMBER_OBJECT_CONVERSION = YES_AGGRESSIVE;
				CLANG_CXX_LANGUAGE_STANDARD = "gnu++20";
				CLANG_ENABLE_MODULES = YES;
				CLANG_ENABLE_OBJC_ARC = YES;
				CLANG_ENABLE_OBJC_WEAK = YES;
				CLANG_WARN_BLOCK_CAPTURE_AUTORELEASING = YES;
				CLANG_WARN_BOOL_CONVERSION = YES;
				CLANG_WARN_COMMA = YES;
				CLANG_WARN_CONSTANT_CONVERSION = YES;
				CLANG_WARN_DEPRECATED_OBJC_IMPLEMENTATIONS = YES;
				CLANG_WARN_DIRECT_OBJC_ISA_USAGE = YES_ERROR;
				CLANG_WARN_DOCUMENTATION_COMMENTS = YES;
				CLANG_WARN_EMPTY_BODY = YES;
				CLANG_WARN_ENUM_CONVERSION = YES;
				CLANG_WARN_INFINITE_RECURSION = YES;
				CLANG_WARN_INT_CONVERSION = YES;
				CLANG_WARN_NON_LITERAL_NULL_CONVERSION = YES;
				CLANG_WARN_OBJC_IMPLICIT_RETAIN_SELF = YES;
				CLANG_WARN_OBJC_LITERAL_CONVERSION = YES;
				CLANG_WARN_OBJC_ROOT_CLASS = YES_ERROR;
				CLANG_WARN_QUOTED_INCLUDE_IN_FRAMEWORK_HEADER = YES;
				CLANG_WARN_RANGE_LOOP_ANALYSIS = YES;
				CLANG_WARN_STRICT_PROTOTYPES = YES;
				CLANG_WARN_SUSPICIOUS_MOVE = YES;
				CLANG_WARN_UNGUARDED_AVAILABILITY = YES_AGGRESSIVE;
				CLANG_WARN_UNREACHABLE_CODE = YES;
				CLANG_WARN__DUPLICATE_METHOD_MATCH = YES;
				COPY_PHASE_STRIP = NO;
				DEBUG_INFORMATION_FORMAT = dwarf;
				ENABLE_STRICT_OBJC_MSGSEND = YES;
				ENABLE_TESTABILITY = YES;
				ENABLE_USER_SCRIPT_SANDBOXING = YES;
				GCC_C_LANGUAGE_STANDARD = gnu17;
				GCC_DYNAMIC_NO_PIC = NO;
				GCC_NO_COMMON_BLOCKS = YES;
				GCC_OPTIMIZATION_LEVEL = 0;
				GCC_PREPROCESSOR_DEFINITIONS = (
					"DEBUG=1",
					"$(inherited)",
				);
				GCC_WARN_64_TO_32_BIT_CONVERSION = YES;
				GCC_WARN_ABOUT_RETURN_TYPE = YES_ERROR;
				GCC_WARN_UNDECLARED_SELECTOR = YES;
				GCC_WARN_UNINITIALIZED_AUTOS = YES_AGGRESSIVE;
				GCC_WARN_UNUSED_FUNCTION = YES;
				GCC_WARN_UNUSED_VARIABLE = YES;
				IPHONEOS_DEPLOYMENT_TARGET = 17.0;
				LOCALIZATION_PREFERS_STRING_CATALOGS = YES;
				MTL_ENABLE_DEBUG_INFO = INCLUDE_SOURCE;
				MTL_FAST_MATH = YES;
				ONLY_ACTIVE_ARCH = YES;
				SDKROOT = iphoneos;
				SWIFT_ACTIVE_COMPILATION_CONDITIONS = "DEBUG $(inherited)";
				SWIFT_OPTIMIZATION_LEVEL = "-Onone";
			};
			name = Debug;
		};
		E17E3EA92B323A6D000F456C /* Release */ = {
			isa = XCBuildConfiguration;
			buildSettings = {
				ALWAYS_SEARCH_USER_PATHS = NO;
				ASSETCATALOG_COMPILER_GENERATE_SWIFT_ASSET_SYMBOL_EXTENSIONS = YES;
				CLANG_ANALYZER_NONNULL = YES;
				CLANG_ANALYZER_NUMBER_OBJECT_CONVERSION = YES_AGGRESSIVE;
				CLANG_CXX_LANGUAGE_STANDARD = "gnu++20";
				CLANG_ENABLE_MODULES = YES;
				CLANG_ENABLE_OBJC_ARC = YES;
				CLANG_ENABLE_OBJC_WEAK = YES;
				CLANG_WARN_BLOCK_CAPTURE_AUTORELEASING = YES;
				CLANG_WARN_BOOL_CONVERSION = YES;
				CLANG_WARN_COMMA = YES;
				CLANG_WARN_CONSTANT_CONVERSION = YES;
				CLANG_WARN_DEPRECATED_OBJC_IMPLEMENTATIONS = YES;
				CLANG_WARN_DIRECT_OBJC_ISA_USAGE = YES_ERROR;
				CLANG_WARN_DOCUMENTATION_COMMENTS = YES;
				CLANG_WARN_EMPTY_BODY = YES;
				CLANG_WARN_ENUM_CONVERSION = YES;
				CLANG_WARN_INFINITE_RECURSION = YES;
				CLANG_WARN_INT_CONVERSION = YES;
				CLANG_WARN_NON_LITERAL_NULL_CONVERSION = YES;
				CLANG_WARN_OBJC_IMPLICIT_RETAIN_SELF = YES;
				CLANG_WARN_OBJC_LITERAL_CONVERSION = YES;
				CLANG_WARN_OBJC_ROOT_CLASS = YES_ERROR;
				CLANG_WARN_QUOTED_INCLUDE_IN_FRAMEWORK_HEADER = YES;
				CLANG_WARN_RANGE_LOOP_ANALYSIS = YES;
				CLANG_WARN_STRICT_PROTOTYPES = YES;
				CLANG_WARN_SUSPICIOUS_MOVE = YES;
				CLANG_WARN_UNGUARDED_AVAILABILITY = YES_AGGRESSIVE;
				CLANG_WARN_UNREACHABLE_CODE = YES;
				CLANG_WARN__DUPLICATE_METHOD_MATCH = YES;
				COPY_PHASE_STRIP = NO;
				DEBUG_INFORMATION_FORMAT = "dwarf-with-dsym";
				ENABLE_NS_ASSERTIONS = NO;
				ENABLE_STRICT_OBJC_MSGSEND = YES;
				ENABLE_USER_SCRIPT_SANDBOXING = YES;
				GCC_C_LANGUAGE_STANDARD = gnu17;
				GCC_NO_COMMON_BLOCKS = YES;
				GCC_WARN_64_TO_32_BIT_CONVERSION = YES;
				GCC_WARN_ABOUT_RETURN_TYPE = YES_ERROR;
				GCC_WARN_UNDECLARED_SELECTOR = YES;
				GCC_WARN_UNINITIALIZED_AUTOS = YES_AGGRESSIVE;
				GCC_WARN_UNUSED_FUNCTION = YES;
				GCC_WARN_UNUSED_VARIABLE = YES;
				IPHONEOS_DEPLOYMENT_TARGET = 17.0;
				LOCALIZATION_PREFERS_STRING_CATALOGS = YES;
				MTL_ENABLE_DEBUG_INFO = NO;
				MTL_FAST_MATH = YES;
				SDKROOT = iphoneos;
				SWIFT_COMPILATION_MODE = wholemodule;
				VALIDATE_PRODUCT = YES;
			};
			name = Release;
		};
		E17E3EAB2B323A6D000F456C /* Debug */ = {
			isa = XCBuildConfiguration;
			buildSettings = {
				ASSETCATALOG_COMPILER_APPICON_NAME = AppIcon;
				ASSETCATALOG_COMPILER_GLOBAL_ACCENT_COLOR_NAME = AccentColor;
				CODE_SIGN_STYLE = Automatic;
				CURRENT_PROJECT_VERSION = 1;
				DEVELOPMENT_ASSET_PATHS = "\"beanstorm/Preview Content\"";
				DEVELOPMENT_TEAM = KZV679P5DQ;
				ENABLE_PREVIEWS = YES;
				GENERATE_INFOPLIST_FILE = YES;
				INFOPLIST_KEY_UIApplicationSceneManifest_Generation = YES;
				INFOPLIST_KEY_UIApplicationSupportsIndirectInputEvents = YES;
				INFOPLIST_KEY_UILaunchScreen_Generation = YES;
				INFOPLIST_KEY_UISupportedInterfaceOrientations = UIInterfaceOrientationPortrait;
				LD_RUNPATH_SEARCH_PATHS = (
					"$(inherited)",
					"@executable_path/Frameworks",
				);
				MARKETING_VERSION = 1.0;
				PRODUCT_BUNDLE_IDENTIFIER = com.leonps.beanstorm;
				PRODUCT_NAME = "$(TARGET_NAME)";
				SWIFT_EMIT_LOC_STRINGS = YES;
				SWIFT_VERSION = 5.0;
				TARGETED_DEVICE_FAMILY = "1,2";
			};
			name = Debug;
		};
		E17E3EAC2B323A6D000F456C /* Release */ = {
			isa = XCBuildConfiguration;
			buildSettings = {
				ASSETCATALOG_COMPILER_APPICON_NAME = AppIcon;
				ASSETCATALOG_COMPILER_GLOBAL_ACCENT_COLOR_NAME = AccentColor;
				CODE_SIGN_STYLE = Automatic;
				CURRENT_PROJECT_VERSION = 1;
				DEVELOPMENT_ASSET_PATHS = "\"beanstorm/Preview Content\"";
				DEVELOPMENT_TEAM = KZV679P5DQ;
				ENABLE_PREVIEWS = YES;
				GENERATE_INFOPLIST_FILE = YES;
				INFOPLIST_KEY_UIApplicationSceneManifest_Generation = YES;
				INFOPLIST_KEY_UIApplicationSupportsIndirectInputEvents = YES;
				INFOPLIST_KEY_UILaunchScreen_Generation = YES;
				INFOPLIST_KEY_UISupportedInterfaceOrientations = UIInterfaceOrientationPortrait;
				LD_RUNPATH_SEARCH_PATHS = (
					"$(inherited)",
					"@executable_path/Frameworks",
				);
				MARKETING_VERSION = 1.0;
				PRODUCT_BUNDLE_IDENTIFIER = com.leonps.beanstorm;
				PRODUCT_NAME = "$(TARGET_NAME)";
				SWIFT_EMIT_LOC_STRINGS = YES;
				SWIFT_VERSION = 5.0;
				TARGETED_DEVICE_FAMILY = "1,2";
			};
			name = Release;
		};
/* End XCBuildConfiguration section */

/* Begin XCConfigurationList section */
		E17E3E972B323A6D000F456C /* Build configuration list for PBXProject "beanstorm" */ = {
			isa = XCConfigurationList;
			buildConfigurations = (
				E17E3EA82B323A6D000F456C /* Debug */,
				E17E3EA92B323A6D000F456C /* Release */,
			);
			defaultConfigurationIsVisible = 0;
			defaultConfigurationName = Release;
		};
		E17E3EAA2B323A6D000F456C /* Build configuration list for PBXNativeTarget "beanstorm" */ = {
			isa = XCConfigurationList;
			buildConfigurations = (
				E17E3EAB2B323A6D000F456C /* Debug */,
				E17E3EAC2B323A6D000F456C /* Release */,
			);
			defaultConfigurationIsVisible = 0;
			defaultConfigurationName = Release;
		};
/* End XCConfigurationList section */

/* Begin XCVersionGroup section */
		E18B79512B377B74001A3FF0 /* Profiles.xcdatamodeld */ = {
			isa = XCVersionGroup;
			children = (
				E18B79522B377B74001A3FF0 /* Profiles.xcdatamodel */,
			);
			currentVersion = E18B79522B377B74001A3FF0 /* Profiles.xcdatamodel */;
			path = Profiles.xcdatamodeld;
			sourceTree = "<group>";
			versionGroupType = wrapper.xcdatamodel;
		};
/* End XCVersionGroup section */
	};
	rootObject = E17E3E942B323A6D000F456C /* Project object */;
}
